PODS:
  - Flutter (1.0.0)
  - flutter_zoom_meeting (0.0.1):
    - Flutter
  - integration_test (0.0.1):
    - Flutter

DEPENDENCIES:
  - Flutter (from `Flutter`)
  - flutter_zoom_meeting (from `.symlinks/plugins/flutter_zoom_meeting/ios`)
  - integration_test (from `.symlinks/plugins/integration_test/ios`)

EXTERNAL SOURCES:
  Flutter:
    :path: Flutter
  flutter_zoom_meeting:
    :path: ".symlinks/plugins/flutter_zoom_meeting/ios"
  integration_test:
    :path: ".symlinks/plugins/integration_test/ios"

SPEC CHECKSUMS:
  Flutter: e0871f40cf51350855a761d2e70bf5af5b9b5de7
  flutter_zoom_meeting: e7b1969db6997fa1c9e49971a18fa33dbe6e8cde
  integration_test: 13825b8a9334a850581300559b8839134b124670

PODFILE CHECKSUM: 3f97edfcce47c166de7d66604902111fd89bc4cc

COCOAPODS: 1.14.3
